
Microsoft Visual Studio Solution File, Format Version 12.00
# Visual Studio Express 2012 for Web
Project("{FAE04EC0-301F-11D3-BF4B-00C04F79EFBC}") = "DEM", "DEM\DEM.csproj", "{960C11C8-90D8-467E-9F80-E75589FB787A}"
EndProject
Global
	GlobalSection(SolutionConfigurationPlatforms) = preSolution
		Debug|Any CPU = Debug|Any CPU
		Release|Any CPU = Release|Any CPU
	EndGlobalSection
	GlobalSection(ProjectConfigurationPlatforms) = postSolution
		{960C11C8-90D8-467E-9F80-E75589FB787A}.Debug|Any CPU.ActiveCfg = Debug|Any CPU
		{960C11C8-90D8-467E-9F80-E75589FB787A}.Debug|Any CPU.Build.0 = Debug|Any CPU
		{960C11C8-90D8-467E-9F80-E75589FB787A}.Release|Any CPU.ActiveCfg = Release|Any CPU
		{960C11C8-90D8-467E-9F80-E75589FB787A}.Release|Any CPU.Build.0 = Release|Any CPU
	EndGlobalSection
	GlobalSection(SolutionProperties) = preSolution
		HideSolutionNode = FALSE
	EndGlobalSection
EndGlobal
